hash: c5dc6eb523e0f320eaa2f77e449442d19e21f7623810697c840979fc4b0ab661
updated: 2016-08-18T21:11:53.704899135Z
imports:
- name: github.com/hashicorp/consul
  version: 94e83001a3d5561d029cb53db221753592bcd23f
  subpackages:
  - api
- name: github.com/hashicorp/go-cleanhttp
  version: ad28ea4487f05916463e2423a55166280e8254b5
- name: github.com/hashicorp/serf
  version: 9432bc08aa8d486e497e27f84878ebbe8c1eab66
  subpackages:
  - coordinate
- name: github.com/RackHD/neighborhood-manager
  version: 5951ac64f77fa5b53523a36dc73c2c751d37e6bf
  subpackages:
  - libreg
  - libreg/registry
  - libreg/registry/consul
  - rackhd/proxy
  - rackhd/cmd/utils/api
  - rackhd/watcher
testImports: []
