hash: cc93c5a450b17259a935e6301c50557dd07f58bfffc01fd915f91fe75678c8df
updated: 2016-08-22T11:26:15.762120097-04:00
imports:
- name: github.com/hashicorp/consul
  version: 36dc9201f2e006d4b5db1f0446b17357811297bf
  subpackages:
  - api
- name: github.com/hashicorp/go-cleanhttp
  version: ad28ea4487f05916463e2423a55166280e8254b5
- name: github.com/hashicorp/serf
  version: 9432bc08aa8d486e497e27f84878ebbe8c1eab66
  subpackages:
  - coordinate
testImports: []
